
Microsoft Visual Studio Solution File, Format Version 12.00
# Visual Studio Version 16
VisualStudioVersion = 16.0.31613.86
MinimumVisualStudioVersion = 10.0.40219.1
Project("{FAE04EC0-301F-11D3-BF4B-00C04F79EFBC}") = "MoneyManagement", "MoneyManagement\MoneyManagement.csproj", "{C85D2DCB-3177-4205-871C-38849A01050C}"
EndProject
Global
	GlobalSection(SolutionConfigurationPlatforms) = preSolution
		Debug|Any CPU = Debug|Any CPU
		Release|Any CPU = Release|Any CPU
	EndGlobalSection
	GlobalSection(ProjectConfigurationPlatforms) = postSolution
		{C85D2DCB-3177-4205-871C-38849A01050C}.Debug|Any CPU.ActiveCfg = Debug|Any CPU
		{C85D2DCB-3177-4205-871C-38849A01050C}.Debug|Any CPU.Build.0 = Debug|Any CPU
		{C85D2DCB-3177-4205-871C-38849A01050C}.Release|Any CPU.ActiveCfg = Release|Any CPU
		{C85D2DCB-3177-4205-871C-38849A01050C}.Release|Any CPU.Build.0 = Release|Any CPU
	EndGlobalSection
	GlobalSection(SolutionProperties) = preSolution
		HideSolutionNode = FALSE
	EndGlobalSection
	GlobalSection(ExtensibilityGlobals) = postSolution
		SolutionGuid = {EB238894-59EE-4476-898A-B65D06B2480B}
	EndGlobalSection
EndGlobal
